// !$*UTF8*$!
{
	archiveVersion = 1;
	classes = {
	};
	objectVersion = 56;
	objects = {

/* Begin PBXBuildFile section */
		2D85785829A0E57A00A43D86 /* CryptoPortfolioApp.swift in Sources */ = {isa = PBXBuildFile; fileRef = 2D85785729A0E57A00A43D86 /* CryptoPortfolioApp.swift */; };
		2D85785A29A0E57A00A43D86 /* ContentView.swift in Sources */ = {isa = PBXBuildFile; fileRef = 2D85785929A0E57A00A43D86 /* ContentView.swift */; };
		2D85785F29A0E57B00A43D86 /* Preview Assets.xcassets in Resources */ = {isa = PBXBuildFile; fileRef = 2D85785E29A0E57B00A43D86 /* Preview Assets.xcassets */; };
		2D85786629A0E66500A43D86 /* Assets.xcassets in Resources */ = {isa = PBXBuildFile; fileRef = 2D85786529A0E66500A43D86 /* Assets.xcassets */; };
		2D85786929A0E7A100A43D86 /* Color.swift in Sources */ = {isa = PBXBuildFile; fileRef = 2D85786829A0E7A100A43D86 /* Color.swift */; };
		2D85786F29A0E99900A43D86 /* HomeView.swift in Sources */ = {isa = PBXBuildFile; fileRef = 2D85786E29A0E99900A43D86 /* HomeView.swift */; };
		2D85787329A0EBB800A43D86 /* CircleButtonView.swift in Sources */ = {isa = PBXBuildFile; fileRef = 2D85787229A0EBB800A43D86 /* CircleButtonView.swift */; };
		2D85787529A0F1A800A43D86 /* CircleButtonAnimationView.swift in Sources */ = {isa = PBXBuildFile; fileRef = 2D85787429A0F1A800A43D86 /* CircleButtonAnimationView.swift */; };
		2DDB236A29A3993400190329 /* HomeViewModel.swift in Sources */ = {isa = PBXBuildFile; fileRef = 2DDB236929A3993400190329 /* HomeViewModel.swift */; };
		2DE3E03529A3720F00A83238 /* Coin.swift in Sources */ = {isa = PBXBuildFile; fileRef = 2DE3E03429A3720F00A83238 /* Coin.swift */; };
		2DE3E03729A3731100A83238 /* CoinRowView.swift in Sources */ = {isa = PBXBuildFile; fileRef = 2DE3E03629A3731100A83238 /* CoinRowView.swift */; };
		2DE3E03929A373E200A83238 /* PreviewProvider.swift in Sources */ = {isa = PBXBuildFile; fileRef = 2DE3E03829A373E200A83238 /* PreviewProvider.swift */; };
		2DE3E03B29A37C6000A83238 /* Double.swift in Sources */ = {isa = PBXBuildFile; fileRef = 2DE3E03A29A37C6000A83238 /* Double.swift */; };
/* End PBXBuildFile section */

/* Begin PBXFileReference section */
		2D85785429A0E57A00A43D86 /* CryptoPortfolio.app */ = {isa = PBXFileReference; explicitFileType = wrapper.application; includeInIndex = 0; path = CryptoPortfolio.app; sourceTree = BUILT_PRODUCTS_DIR; };
		2D85785729A0E57A00A43D86 /* CryptoPortfolioApp.swift */ = {isa = PBXFileReference; lastKnownFileType = sourcecode.swift; path = CryptoPortfolioApp.swift; sourceTree = "<group>"; };
		2D85785929A0E57A00A43D86 /* ContentView.swift */ = {isa = PBXFileReference; lastKnownFileType = sourcecode.swift; path = ContentView.swift; sourceTree = "<group>"; };
		2D85785E29A0E57B00A43D86 /* Preview Assets.xcassets */ = {isa = PBXFileReference; lastKnownFileType = folder.assetcatalog; path = "Preview Assets.xcassets"; sourceTree = "<group>"; };
		2D85786529A0E66500A43D86 /* Assets.xcassets */ = {isa = PBXFileReference; lastKnownFileType = folder.assetcatalog; name = Assets.xcassets; path = ../../../Downloads/Resources/Assets.xcassets; sourceTree = "<group>"; };
		2D85786829A0E7A100A43D86 /* Color.swift */ = {isa = PBXFileReference; lastKnownFileType = sourcecode.swift; path = Color.swift; sourceTree = "<group>"; };
		2D85786E29A0E99900A43D86 /* HomeView.swift */ = {isa = PBXFileReference; lastKnownFileType = sourcecode.swift; path = HomeView.swift; sourceTree = "<group>"; };
		2D85787229A0EBB800A43D86 /* CircleButtonView.swift */ = {isa = PBXFileReference; lastKnownFileType = sourcecode.swift; path = CircleButtonView.swift; sourceTree = "<group>"; };
		2D85787429A0F1A800A43D86 /* CircleButtonAnimationView.swift */ = {isa = PBXFileReference; lastKnownFileType = sourcecode.swift; path = CircleButtonAnimationView.swift; sourceTree = "<group>"; };
		2DDB236929A3993400190329 /* HomeViewModel.swift */ = {isa = PBXFileReference; lastKnownFileType = sourcecode.swift; path = HomeViewModel.swift; sourceTree = "<group>"; };
		2DE3E03429A3720F00A83238 /* Coin.swift */ = {isa = PBXFileReference; lastKnownFileType = sourcecode.swift; path = Coin.swift; sourceTree = "<group>"; };
		2DE3E03629A3731100A83238 /* CoinRowView.swift */ = {isa = PBXFileReference; lastKnownFileType = sourcecode.swift; path = CoinRowView.swift; sourceTree = "<group>"; };
		2DE3E03829A373E200A83238 /* PreviewProvider.swift */ = {isa = PBXFileReference; lastKnownFileType = sourcecode.swift; path = PreviewProvider.swift; sourceTree = "<group>"; };
		2DE3E03A29A37C6000A83238 /* Double.swift */ = {isa = PBXFileReference; lastKnownFileType = sourcecode.swift; path = Double.swift; sourceTree = "<group>"; };
/* End PBXFileReference section */

/* Begin PBXFrameworksBuildPhase section */
		2D85785129A0E57A00A43D86 /* Frameworks */ = {
			isa = PBXFrameworksBuildPhase;
			buildActionMask = 2147483647;
			files = (
			);
			runOnlyForDeploymentPostprocessing = 0;
		};
/* End PBXFrameworksBuildPhase section */

/* Begin PBXGroup section */
		2D85784B29A0E57A00A43D86 = {
			isa = PBXGroup;
			children = (
				2D85785629A0E57A00A43D86 /* CryptoPortfolio */,
				2D85785529A0E57A00A43D86 /* Products */,
			);
			sourceTree = "<group>";
		};
		2D85785529A0E57A00A43D86 /* Products */ = {
			isa = PBXGroup;
			children = (
				2D85785429A0E57A00A43D86 /* CryptoPortfolio.app */,
			);
			name = Products;
			sourceTree = "<group>";
		};
		2D85785629A0E57A00A43D86 /* CryptoPortfolio */ = {
			isa = PBXGroup;
			children = (
				2D85785729A0E57A00A43D86 /* CryptoPortfolioApp.swift */,
				2D85786729A0E78400A43D86 /* Extensions */,
				2DE3E03329A371EC00A83238 /* Models */,
				2D85786A29A0E92900A43D86 /* Core */,
				2D85785929A0E57A00A43D86 /* ContentView.swift */,
				2D85786529A0E66500A43D86 /* Assets.xcassets */,
				2D85785D29A0E57B00A43D86 /* Preview Content */,
			);
			path = CryptoPortfolio;
			sourceTree = "<group>";
		};
		2D85785D29A0E57B00A43D86 /* Preview Content */ = {
			isa = PBXGroup;
			children = (
				2D85785E29A0E57B00A43D86 /* Preview Assets.xcassets */,
			);
			path = "Preview Content";
			sourceTree = "<group>";
		};
		2D85786729A0E78400A43D86 /* Extensions */ = {
			isa = PBXGroup;
			children = (
				2D85786829A0E7A100A43D86 /* Color.swift */,
				2DE3E03829A373E200A83238 /* PreviewProvider.swift */,
				2DE3E03A29A37C6000A83238 /* Double.swift */,
			);
			path = Extensions;
			sourceTree = "<group>";
		};
		2D85786A29A0E92900A43D86 /* Core */ = {
			isa = PBXGroup;
			children = (
				2D85787029A0EB8600A43D86 /* Components */,
				2D85786B29A0E97200A43D86 /* Home */,
			);
			path = Core;
			sourceTree = "<group>";
		};
		2D85786B29A0E97200A43D86 /* Home */ = {
			isa = PBXGroup;
			children = (
				2D85786D29A0E97F00A43D86 /* ViewModels */,
				2D85786C29A0E97700A43D86 /* Views */,
			);
			path = Home;
			sourceTree = "<group>";
		};
		2D85786C29A0E97700A43D86 /* Views */ = {
			isa = PBXGroup;
			children = (
				2D85786E29A0E99900A43D86 /* HomeView.swift */,
				2DE3E03629A3731100A83238 /* CoinRowView.swift */,
			);
			path = Views;
			sourceTree = "<group>";
		};
		2D85786D29A0E97F00A43D86 /* ViewModels */ = {
			isa = PBXGroup;
			children = (
				2DDB236929A3993400190329 /* HomeViewModel.swift */,
			);
			path = ViewModels;
			sourceTree = "<group>";
		};
		2D85787029A0EB8600A43D86 /* Components */ = {
			isa = PBXGroup;
			children = (
				2D85787129A0EBAC00A43D86 /* CircleButton */,
			);
			path = Components;
			sourceTree = "<group>";
		};
		2D85787129A0EBAC00A43D86 /* CircleButton */ = {
			isa = PBXGroup;
			children = (
				2D85787229A0EBB800A43D86 /* CircleButtonView.swift */,
				2D85787429A0F1A800A43D86 /* CircleButtonAnimationView.swift */,
			);
			path = CircleButton;
			sourceTree = "<group>";
		};
		2DE3E03329A371EC00A83238 /* Models */ = {
			isa = PBXGroup;
			children = (
				2DE3E03429A3720F00A83238 /* Coin.swift */,
			);
			path = Models;
			sourceTree = "<group>";
		};
/* End PBXGroup section */

/* Begin PBXNativeTarget section */
		2D85785329A0E57A00A43D86 /* CryptoPortfolio */ = {
			isa = PBXNativeTarget;
			buildConfigurationList = 2D85786229A0E57B00A43D86 /* Build configuration list for PBXNativeTarget "CryptoPortfolio" */;
			buildPhases = (
				2D85785029A0E57A00A43D86 /* Sources */,
				2D85785129A0E57A00A43D86 /* Frameworks */,
				2D85785229A0E57A00A43D86 /* Resources */,
			);
			buildRules = (
			);
			dependencies = (
			);
			name = CryptoPortfolio;
			productName = CryptoPortfolio;
			productReference = 2D85785429A0E57A00A43D86 /* CryptoPortfolio.app */;
			productType = "com.apple.product-type.application";
		};
/* End PBXNativeTarget section */

/* Begin PBXProject section */
		2D85784C29A0E57A00A43D86 /* Project object */ = {
			isa = PBXProject;
			attributes = {
				BuildIndependentTargetsInParallel = 1;
				LastSwiftUpdateCheck = 1410;
				LastUpgradeCheck = 1410;
				TargetAttributes = {
					2D85785329A0E57A00A43D86 = {
						CreatedOnToolsVersion = 14.1;
					};
				};
			};
			buildConfigurationList = 2D85784F29A0E57A00A43D86 /* Build configuration list for PBXProject "CryptoPortfolio" */;
			compatibilityVersion = "Xcode 14.0";
			developmentRegion = en;
			hasScannedForEncodings = 0;
			knownRegions = (
				en,
				Base,
			);
			mainGroup = 2D85784B29A0E57A00A43D86;
			productRefGroup = 2D85785529A0E57A00A43D86 /* Products */;
			projectDirPath = "";
			projectRoot = "";
			targets = (
				2D85785329A0E57A00A43D86 /* CryptoPortfolio */,
			);
		};
/* End PBXProject section */

/* Begin PBXResourcesBuildPhase section */
		2D85785229A0E57A00A43D86 /* Resources */ = {
			isa = PBXResourcesBuildPhase;
			buildActionMask = 2147483647;
			files = (
				2D85785F29A0E57B00A43D86 /* Preview Assets.xcassets in Resources */,
				2D85786629A0E66500A43D86 /* Assets.xcassets in Resources */,
			);
			runOnlyForDeploymentPostprocessing = 0;
		};
/* End PBXResourcesBuildPhase section */

/* Begin PBXSourcesBuildPhase section */
		2D85785029A0E57A00A43D86 /* Sources */ = {
			isa = PBXSourcesBuildPhase;
			buildActionMask = 2147483647;
			files = (
				2DE3E03729A3731100A83238 /* CoinRowView.swift in Sources */,
				2DDB236A29A3993400190329 /* HomeViewModel.swift in Sources */,
				2D85785A29A0E57A00A43D86 /* ContentView.swift in Sources */,
				2D85786F29A0E99900A43D86 /* HomeView.swift in Sources */,
				2D85785829A0E57A00A43D86 /* CryptoPortfolioApp.swift in Sources */,
				2D85787329A0EBB800A43D86 /* CircleButtonView.swift in Sources */,
				2D85786929A0E7A100A43D86 /* Color.swift in Sources */,
				2D85787529A0F1A800A43D86 /* CircleButtonAnimationView.swift in Sources */,
				2DE3E03929A373E200A83238 /* PreviewProvider.swift in Sources */,
				2DE3E03B29A37C6000A83238 /* Double.swift in Sources */,
				2DE3E03529A3720F00A83238 /* Coin.swift in Sources */,
			);
			runOnlyForDeploymentPostprocessing = 0;
		};
/* End PBXSourcesBuildPhase section */

/* Begin XCBuildConfiguration section */
		2D85786029A0E57B00A43D86 /* Debug */ = {
			isa = XCBuildConfiguration;
			buildSettings = {
				ALWAYS_SEARCH_USER_PATHS = NO;
				CLANG_ANALYZER_NONNULL = YES;
				CLANG_ANALYZER_NUMBER_OBJECT_CONVERSION = YES_AGGRESSIVE;
				CLANG_CXX_LANGUAGE_STANDARD = "gnu++20";
				CLANG_ENABLE_MODULES = YES;
				CLANG_ENABLE_OBJC_ARC = YES;
				CLANG_ENABLE_OBJC_WEAK = YES;
				CLANG_WARN_BLOCK_CAPTURE_AUTORELEASING = YES;
				CLANG_WARN_BOOL_CONVERSION = YES;
				CLANG_WARN_COMMA = YES;
				CLANG_WARN_CONSTANT_CONVERSION = YES;
				CLANG_WARN_DEPRECATED_OBJC_IMPLEMENTATIONS = YES;
				CLANG_WARN_DIRECT_OBJC_ISA_USAGE = YES_ERROR;
				CLANG_WARN_DOCUMENTATION_COMMENTS = YES;
				CLANG_WARN_EMPTY_BODY = YES;
				CLANG_WARN_ENUM_CONVERSION = YES;
				CLANG_WARN_INFINITE_RECURSION = YES;
				CLANG_WARN_INT_CONVERSION = YES;
				CLANG_WARN_NON_LITERAL_NULL_CONVERSION = YES;
				CLANG_WARN_OBJC_IMPLICIT_RETAIN_SELF = YES;
				CLANG_WARN_OBJC_LITERAL_CONVERSION = YES;
				CLANG_WARN_OBJC_ROOT_CLASS = YES_ERROR;
				CLANG_WARN_QUOTED_INCLUDE_IN_FRAMEWORK_HEADER = YES;
				CLANG_WARN_RANGE_LOOP_ANALYSIS = YES;
				CLANG_WARN_STRICT_PROTOTYPES = YES;
				CLANG_WARN_SUSPICIOUS_MOVE = YES;
				CLANG_WARN_UNGUARDED_AVAILABILITY = YES_AGGRESSIVE;
				CLANG_WARN_UNREACHABLE_CODE = YES;
				CLANG_WARN__DUPLICATE_METHOD_MATCH = YES;
				COPY_PHASE_STRIP = NO;
				DEBUG_INFORMATION_FORMAT = dwarf;
				ENABLE_STRICT_OBJC_MSGSEND = YES;
				ENABLE_TESTABILITY = YES;
				GCC_C_LANGUAGE_STANDARD = gnu11;
				GCC_DYNAMIC_NO_PIC = NO;
				GCC_NO_COMMON_BLOCKS = YES;
				GCC_OPTIMIZATION_LEVEL = 0;
				GCC_PREPROCESSOR_DEFINITIONS = (
					"DEBUG=1",
					"$(inherited)",
				);
				GCC_WARN_64_TO_32_BIT_CONVERSION = YES;
				GCC_WARN_ABOUT_RETURN_TYPE = YES_ERROR;
				GCC_WARN_UNDECLARED_SELECTOR = YES;
				GCC_WARN_UNINITIALIZED_AUTOS = YES_AGGRESSIVE;
				GCC_WARN_UNUSED_FUNCTION = YES;
				GCC_WARN_UNUSED_VARIABLE = YES;
				IPHONEOS_DEPLOYMENT_TARGET = 16.1;
				MTL_ENABLE_DEBUG_INFO = INCLUDE_SOURCE;
				MTL_FAST_MATH = YES;
				ONLY_ACTIVE_ARCH = YES;
				SDKROOT = iphoneos;
				SWIFT_ACTIVE_COMPILATION_CONDITIONS = DEBUG;
				SWIFT_OPTIMIZATION_LEVEL = "-Onone";
			};
			name = Debug;
		};
		2D85786129A0E57B00A43D86 /* Release */ = {
			isa = XCBuildConfiguration;
			buildSettings = {
				ALWAYS_SEARCH_USER_PATHS = NO;
				CLANG_ANALYZER_NONNULL = YES;
				CLANG_ANALYZER_NUMBER_OBJECT_CONVERSION = YES_AGGRESSIVE;
				CLANG_CXX_LANGUAGE_STANDARD = "gnu++20";
				CLANG_ENABLE_MODULES = YES;
				CLANG_ENABLE_OBJC_ARC = YES;
				CLANG_ENABLE_OBJC_WEAK = YES;
				CLANG_WARN_BLOCK_CAPTURE_AUTORELEASING = YES;
				CLANG_WARN_BOOL_CONVERSION = YES;
				CLANG_WARN_COMMA = YES;
				CLANG_WARN_CONSTANT_CONVERSION = YES;
				CLANG_WARN_DEPRECATED_OBJC_IMPLEMENTATIONS = YES;
				CLANG_WARN_DIRECT_OBJC_ISA_USAGE = YES_ERROR;
				CLANG_WARN_DOCUMENTATION_COMMENTS = YES;
				CLANG_WARN_EMPTY_BODY = YES;
				CLANG_WARN_ENUM_CONVERSION = YES;
				CLANG_WARN_INFINITE_RECURSION = YES;
				CLANG_WARN_INT_CONVERSION = YES;
				CLANG_WARN_NON_LITERAL_NULL_CONVERSION = YES;
				CLANG_WARN_OBJC_IMPLICIT_RETAIN_SELF = YES;
				CLANG_WARN_OBJC_LITERAL_CONVERSION = YES;
				CLANG_WARN_OBJC_ROOT_CLASS = YES_ERROR;
				CLANG_WARN_QUOTED_INCLUDE_IN_FRAMEWORK_HEADER = YES;
				CLANG_WARN_RANGE_LOOP_ANALYSIS = YES;
				CLANG_WARN_STRICT_PROTOTYPES = YES;
				CLANG_WARN_SUSPICIOUS_MOVE = YES;
				CLANG_WARN_UNGUARDED_AVAILABILITY = YES_AGGRESSIVE;
				CLANG_WARN_UNREACHABLE_CODE = YES;
				CLANG_WARN__DUPLICATE_METHOD_MATCH = YES;
				COPY_PHASE_STRIP = NO;
				DEBUG_INFORMATION_FORMAT = "dwarf-with-dsym";
				ENABLE_NS_ASSERTIONS = NO;
				ENABLE_STRICT_OBJC_MSGSEND = YES;
				GCC_C_LANGUAGE_STANDARD = gnu11;
				GCC_NO_COMMON_BLOCKS = YES;
				GCC_WARN_64_TO_32_BIT_CONVERSION = YES;
				GCC_WARN_ABOUT_RETURN_TYPE = YES_ERROR;
				GCC_WARN_UNDECLARED_SELECTOR = YES;
				GCC_WARN_UNINITIALIZED_AUTOS = YES_AGGRESSIVE;
				GCC_WARN_UNUSED_FUNCTION = YES;
				GCC_WARN_UNUSED_VARIABLE = YES;
				IPHONEOS_DEPLOYMENT_TARGET = 16.1;
				MTL_ENABLE_DEBUG_INFO = NO;
				MTL_FAST_MATH = YES;
				SDKROOT = iphoneos;
				SWIFT_COMPILATION_MODE = wholemodule;
				SWIFT_OPTIMIZATION_LEVEL = "-O";
				VALIDATE_PRODUCT = YES;
			};
			name = Release;
		};
		2D85786329A0E57B00A43D86 /* Debug */ = {
			isa = XCBuildConfiguration;
			buildSettings = {
				ASSETCATALOG_COMPILER_APPICON_NAME = AppIcon;
				ASSETCATALOG_COMPILER_GLOBAL_ACCENT_COLOR_NAME = AccentColor;
				CODE_SIGN_STYLE = Automatic;
				CURRENT_PROJECT_VERSION = 1;
				DEVELOPMENT_ASSET_PATHS = "\"CryptoPortfolio/Preview Content\"";
				DEVELOPMENT_TEAM = 68GJ4283U7;
				ENABLE_PREVIEWS = YES;
				GENERATE_INFOPLIST_FILE = YES;
				INFOPLIST_KEY_UIApplicationSceneManifest_Generation = YES;
				INFOPLIST_KEY_UIApplicationSupportsIndirectInputEvents = YES;
				INFOPLIST_KEY_UILaunchScreen_Generation = YES;
				INFOPLIST_KEY_UISupportedInterfaceOrientations = UIInterfaceOrientationPortrait;
				IPHONEOS_DEPLOYMENT_TARGET = 14.0;
				LD_RUNPATH_SEARCH_PATHS = (
					"$(inherited)",
					"@executable_path/Frameworks",
				);
				MARKETING_VERSION = 1.0;
				PRODUCT_BUNDLE_IDENTIFIER = com.damianrydzewski.CryptoPortfolio;
				PRODUCT_NAME = "$(TARGET_NAME)";
				SUPPORTED_PLATFORMS = "iphoneos iphonesimulator";
				SUPPORTS_MACCATALYST = NO;
				SUPPORTS_MAC_DESIGNED_FOR_IPHONE_IPAD = NO;
				SWIFT_EMIT_LOC_STRINGS = YES;
				SWIFT_VERSION = 5.0;
				TARGETED_DEVICE_FAMILY = "1,2";
			};
			name = Debug;
		};
		2D85786429A0E57B00A43D86 /* Release */ = {
			isa = XCBuildConfiguration;
			buildSettings = {
				ASSETCATALOG_COMPILER_APPICON_NAME = AppIcon;
				ASSETCATALOG_COMPILER_GLOBAL_ACCENT_COLOR_NAME = AccentColor;
				CODE_SIGN_STYLE = Automatic;
				CURRENT_PROJECT_VERSION = 1;
				DEVELOPMENT_ASSET_PATHS = "\"CryptoPortfolio/Preview Content\"";
				DEVELOPMENT_TEAM = 68GJ4283U7;
				ENABLE_PREVIEWS = YES;
				GENERATE_INFOPLIST_FILE = YES;
				INFOPLIST_KEY_UIApplicationSceneManifest_Generation = YES;
				INFOPLIST_KEY_UIApplicationSupportsIndirectInputEvents = YES;
				INFOPLIST_KEY_UILaunchScreen_Generation = YES;
				INFOPLIST_KEY_UISupportedInterfaceOrientations = UIInterfaceOrientationPortrait;
				IPHONEOS_DEPLOYMENT_TARGET = 14.0;
				LD_RUNPATH_SEARCH_PATHS = (
					"$(inherited)",
					"@executable_path/Frameworks",
				);
				MARKETING_VERSION = 1.0;
				PRODUCT_BUNDLE_IDENTIFIER = com.damianrydzewski.CryptoPortfolio;
				PRODUCT_NAME = "$(TARGET_NAME)";
				SUPPORTED_PLATFORMS = "iphoneos iphonesimulator";
				SUPPORTS_MACCATALYST = NO;
				SUPPORTS_MAC_DESIGNED_FOR_IPHONE_IPAD = NO;
				SWIFT_EMIT_LOC_STRINGS = YES;
				SWIFT_VERSION = 5.0;
				TARGETED_DEVICE_FAMILY = "1,2";
			};
			name = Release;
		};
/* End XCBuildConfiguration section */

/* Begin XCConfigurationList section */
		2D85784F29A0E57A00A43D86 /* Build configuration list for PBXProject "CryptoPortfolio" */ = {
			isa = XCConfigurationList;
			buildConfigurations = (
				2D85786029A0E57B00A43D86 /* Debug */,
				2D85786129A0E57B00A43D86 /* Release */,
			);
			defaultConfigurationIsVisible = 0;
			defaultConfigurationName = Release;
		};
		2D85786229A0E57B00A43D86 /* Build configuration list for PBXNativeTarget "CryptoPortfolio" */ = {
			isa = XCConfigurationList;
			buildConfigurations = (
				2D85786329A0E57B00A43D86 /* Debug */,
				2D85786429A0E57B00A43D86 /* Release */,
			);
			defaultConfigurationIsVisible = 0;
			defaultConfigurationName = Release;
		};
/* End XCConfigurationList section */
	};
	rootObject = 2D85784C29A0E57A00A43D86 /* Project object */;
}
